
Microsoft Visual Studio Solution File, Format Version 12.00
# Visual Studio 15
VisualStudioVersion = 15.0.26124.0
MinimumVisualStudioVersion = 15.0.26124.0
Project("{FAE04EC0-301F-11D3-BF4B-00C04F79EFBC}") = "GildedRose", "GildedRose\GildedRose.csproj", "{1B05DE71-20A8-4541-8A9A-E85C7BEF7434}"
EndProject
Project("{FAE04EC0-301F-11D3-BF4B-00C04F79EFBC}") = "GildedRoseTests", "GildedRoseTests\GildedRoseTests.csproj", "{489C1C6A-443F-462D-B5FD-A5FAE9F06206}"
EndProject
Global
	GlobalSection(SolutionConfigurationPlatforms) = preSolution
		Debug|Any CPU = Debug|Any CPU
		Debug|x64 = Debug|x64
		Debug|x86 = Debug|x86
		Release|Any CPU = Release|Any CPU
		Release|x64 = Release|x64
		Release|x86 = Release|x86
	EndGlobalSection
	GlobalSection(SolutionProperties) = preSolution
		HideSolutionNode = FALSE
	EndGlobalSection
	GlobalSection(ProjectConfigurationPlatforms) = postSolution
		{1B05DE71-20A8-4541-8A9A-E85C7BEF7434}.Debug|Any CPU.ActiveCfg = Debug|Any CPU
		{1B05DE71-20A8-4541-8A9A-E85C7BEF7434}.Debug|Any CPU.Build.0 = Debug|Any CPU
		{1B05DE71-20A8-4541-8A9A-E85C7BEF7434}.Debug|x64.ActiveCfg = Debug|Any CPU
		{1B05DE71-20A8-4541-8A9A-E85C7BEF7434}.Debug|x64.Build.0 = Debug|Any CPU
		{1B05DE71-20A8-4541-8A9A-E85C7BEF7434}.Debug|x86.ActiveCfg = Debug|Any CPU
		{1B05DE71-20A8-4541-8A9A-E85C7BEF7434}.Debug|x86.Build.0 = Debug|Any CPU
		{1B05DE71-20A8-4541-8A9A-E85C7BEF7434}.Release|Any CPU.ActiveCfg = Release|Any CPU
		{1B05DE71-20A8-4541-8A9A-E85C7BEF7434}.Release|Any CPU.Build.0 = Release|Any CPU
		{1B05DE71-20A8-4541-8A9A-E85C7BEF7434}.Release|x64.ActiveCfg = Release|Any CPU
		{1B05DE71-20A8-4541-8A9A-E85C7BEF7434}.Release|x64.Build.0 = Release|Any CPU
		{1B05DE71-20A8-4541-8A9A-E85C7BEF7434}.Release|x86.ActiveCfg = Release|Any CPU
		{1B05DE71-20A8-4541-8A9A-E85C7BEF7434}.Release|x86.Build.0 = Release|Any CPU
		{489C1C6A-443F-462D-B5FD-A5FAE9F06206}.Debug|Any CPU.ActiveCfg = Debug|Any CPU
		{489C1C6A-443F-462D-B5FD-A5FAE9F06206}.Debug|Any CPU.Build.0 = Debug|Any CPU
		{489C1C6A-443F-462D-B5FD-A5FAE9F06206}.Debug|x64.ActiveCfg = Debug|Any CPU
		{489C1C6A-443F-462D-B5FD-A5FAE9F06206}.Debug|x64.Build.0 = Debug|Any CPU
		{489C1C6A-443F-462D-B5FD-A5FAE9F06206}.Debug|x86.ActiveCfg = Debug|Any CPU
		{489C1C6A-443F-462D-B5FD-A5FAE9F06206}.Debug|x86.Build.0 = Debug|Any CPU
		{489C1C6A-443F-462D-B5FD-A5FAE9F06206}.Release|Any CPU.ActiveCfg = Release|Any CPU
		{489C1C6A-443F-462D-B5FD-A5FAE9F06206}.Release|Any CPU.Build.0 = Release|Any CPU
		{489C1C6A-443F-462D-B5FD-A5FAE9F06206}.Release|x64.ActiveCfg = Release|Any CPU
		{489C1C6A-443F-462D-B5FD-A5FAE9F06206}.Release|x64.Build.0 = Release|Any CPU
		{489C1C6A-443F-462D-B5FD-A5FAE9F06206}.Release|x86.ActiveCfg = Release|Any CPU
		{489C1C6A-443F-462D-B5FD-A5FAE9F06206}.Release|x86.Build.0 = Release|Any CPU
	EndGlobalSection
EndGlobal
